// !$*UTF8*$!
{
	archiveVersion = 1;
	classes = {
	};
	objectVersion = 55;
	objects = {

/* Begin PBXBuildFile section */
		89210F5D2842849F0050F3B5 /* BuildingImageClassifier.mlmodel in Sources */ = {isa = PBXBuildFile; fileRef = 89210F5C2842849F0050F3B5 /* BuildingImageClassifier.mlmodel */; };
		89210F5F28439B530050F3B5 /* WebViewController.swift in Sources */ = {isa = PBXBuildFile; fileRef = 89210F5E28439B530050F3B5 /* WebViewController.swift */; };
		8955327D2840052C00F44067 /* MapView.swift in Sources */ = {isa = PBXBuildFile; fileRef = 8955327C2840052C00F44067 /* MapView.swift */; };
		8955327F28402CBD00F44067 /* AppColors.swift in Sources */ = {isa = PBXBuildFile; fileRef = 8955327E28402CBD00F44067 /* AppColors.swift */; };
		89553285284031F300F44067 /* AddImageComponent.swift in Sources */ = {isa = PBXBuildFile; fileRef = 89553284284031F300F44067 /* AddImageComponent.swift */; };
		895532872840327400F44067 /* PinMapComponent.swift in Sources */ = {isa = PBXBuildFile; fileRef = 895532862840327400F44067 /* PinMapComponent.swift */; };
		8961989E283C35A90084977D /* Gdansk_TourApp.swift in Sources */ = {isa = PBXBuildFile; fileRef = 8961989D283C35A90084977D /* Gdansk_TourApp.swift */; };
		896198A0283C35A90084977D /* MainView.swift in Sources */ = {isa = PBXBuildFile; fileRef = 8961989F283C35A90084977D /* MainView.swift */; };
		896198A2283C35AB0084977D /* Assets.xcassets in Resources */ = {isa = PBXBuildFile; fileRef = 896198A1283C35AB0084977D /* Assets.xcassets */; };
		896198A5283C35AB0084977D /* Preview Assets.xcassets in Resources */ = {isa = PBXBuildFile; fileRef = 896198A4283C35AB0084977D /* Preview Assets.xcassets */; };
		896198AD283D41B40084977D /* DetailView.swift in Sources */ = {isa = PBXBuildFile; fileRef = 896198AC283D41B40084977D /* DetailView.swift */; };
		896198AF283D424D0084977D /* WebViewSwiftUI.swift in Sources */ = {isa = PBXBuildFile; fileRef = 896198AE283D424D0084977D /* WebViewSwiftUI.swift */; };
		896198B3283D42B70084977D /* Building.swift in Sources */ = {isa = PBXBuildFile; fileRef = 896198B2283D42B70084977D /* Building.swift */; };
/* End PBXBuildFile section */

/* Begin PBXFileReference section */
		89210F5C2842849F0050F3B5 /* BuildingImageClassifier.mlmodel */ = {isa = PBXFileReference; lastKnownFileType = file.mlmodel; path = BuildingImageClassifier.mlmodel; sourceTree = "<group>"; };
		89210F5E28439B530050F3B5 /* WebViewController.swift */ = {isa = PBXFileReference; lastKnownFileType = sourcecode.swift; path = WebViewController.swift; sourceTree = "<group>"; };
		8955327C2840052C00F44067 /* MapView.swift */ = {isa = PBXFileReference; lastKnownFileType = sourcecode.swift; path = MapView.swift; sourceTree = "<group>"; };
		8955327E28402CBD00F44067 /* AppColors.swift */ = {isa = PBXFileReference; lastKnownFileType = sourcecode.swift; path = AppColors.swift; sourceTree = "<group>"; };
		89553284284031F300F44067 /* AddImageComponent.swift */ = {isa = PBXFileReference; lastKnownFileType = sourcecode.swift; path = AddImageComponent.swift; sourceTree = "<group>"; };
		895532862840327400F44067 /* PinMapComponent.swift */ = {isa = PBXFileReference; lastKnownFileType = sourcecode.swift; path = PinMapComponent.swift; sourceTree = "<group>"; };
		8961989A283C35A90084977D /* Gdansk Tour.app */ = {isa = PBXFileReference; explicitFileType = wrapper.application; includeInIndex = 0; path = "Gdansk Tour.app"; sourceTree = BUILT_PRODUCTS_DIR; };
		8961989D283C35A90084977D /* Gdansk_TourApp.swift */ = {isa = PBXFileReference; lastKnownFileType = sourcecode.swift; path = Gdansk_TourApp.swift; sourceTree = "<group>"; };
		8961989F283C35A90084977D /* MainView.swift */ = {isa = PBXFileReference; lastKnownFileType = sourcecode.swift; path = MainView.swift; sourceTree = "<group>"; };
		896198A1283C35AB0084977D /* Assets.xcassets */ = {isa = PBXFileReference; lastKnownFileType = folder.assetcatalog; path = Assets.xcassets; sourceTree = "<group>"; };
		896198A4283C35AB0084977D /* Preview Assets.xcassets */ = {isa = PBXFileReference; lastKnownFileType = folder.assetcatalog; path = "Preview Assets.xcassets"; sourceTree = "<group>"; };
		896198AC283D41B40084977D /* DetailView.swift */ = {isa = PBXFileReference; lastKnownFileType = sourcecode.swift; path = DetailView.swift; sourceTree = "<group>"; };
		896198AE283D424D0084977D /* WebViewSwiftUI.swift */ = {isa = PBXFileReference; lastKnownFileType = sourcecode.swift; path = WebViewSwiftUI.swift; sourceTree = "<group>"; };
		896198B2283D42B70084977D /* Building.swift */ = {isa = PBXFileReference; lastKnownFileType = sourcecode.swift; path = Building.swift; sourceTree = "<group>"; };
/* End PBXFileReference section */

/* Begin PBXFrameworksBuildPhase section */
		89619897283C35A90084977D /* Frameworks */ = {
			isa = PBXFrameworksBuildPhase;
			buildActionMask = 2147483647;
			files = (
			);
			runOnlyForDeploymentPostprocessing = 0;
		};
/* End PBXFrameworksBuildPhase section */

/* Begin PBXGroup section */
		895532882840345E00F44067 /* MainViewUIComponents */ = {
			isa = PBXGroup;
			children = (
				89553284284031F300F44067 /* AddImageComponent.swift */,
				895532862840327400F44067 /* PinMapComponent.swift */,
			);
			path = MainViewUIComponents;
			sourceTree = "<group>";
		};
		89619891283C35A90084977D = {
			isa = PBXGroup;
			children = (
				8961989C283C35A90084977D /* Gdansk Tour */,
				8961989B283C35A90084977D /* Products */,
			);
			sourceTree = "<group>";
		};
		8961989B283C35A90084977D /* Products */ = {
			isa = PBXGroup;
			children = (
				8961989A283C35A90084977D /* Gdansk Tour.app */,
			);
			name = Products;
			sourceTree = "<group>";
		};
		8961989C283C35A90084977D /* Gdansk Tour */ = {
			isa = PBXGroup;
			children = (
				8961989D283C35A90084977D /* Gdansk_TourApp.swift */,
				896198B0283D42540084977D /* Model */,
				896198AB283D41990084977D /* Views */,
				896198B1283D425E0084977D /* Controller */,
				89210F5C2842849F0050F3B5 /* BuildingImageClassifier.mlmodel */,
				896198A1283C35AB0084977D /* Assets.xcassets */,
				896198A3283C35AB0084977D /* Preview Content */,
			);
			path = "Gdansk Tour";
			sourceTree = "<group>";
		};
		896198A3283C35AB0084977D /* Preview Content */ = {
			isa = PBXGroup;
			children = (
				896198A4283C35AB0084977D /* Preview Assets.xcassets */,
			);
			path = "Preview Content";
			sourceTree = "<group>";
		};
		896198AB283D41990084977D /* Views */ = {
			isa = PBXGroup;
			children = (
				895532882840345E00F44067 /* MainViewUIComponents */,
				8961989F283C35A90084977D /* MainView.swift */,
				896198AC283D41B40084977D /* DetailView.swift */,
				896198AE283D424D0084977D /* WebViewSwiftUI.swift */,
				8955327C2840052C00F44067 /* MapView.swift */,
			);
			path = Views;
			sourceTree = "<group>";
		};
		896198B0283D42540084977D /* Model */ = {
			isa = PBXGroup;
			children = (
				896198B2283D42B70084977D /* Building.swift */,
				8955327E28402CBD00F44067 /* AppColors.swift */,
			);
			path = Model;
			sourceTree = "<group>";
		};
		896198B1283D425E0084977D /* Controller */ = {
			isa = PBXGroup;
			children = (
				89210F5E28439B530050F3B5 /* WebViewController.swift */,
			);
			path = Controller;
			sourceTree = "<group>";
		};
/* End PBXGroup section */

/* Begin PBXNativeTarget section */
		89619899283C35A90084977D /* Gdansk Tour */ = {
			isa = PBXNativeTarget;
			buildConfigurationList = 896198A8283C35AB0084977D /* Build configuration list for PBXNativeTarget "Gdansk Tour" */;
			buildPhases = (
				89619896283C35A90084977D /* Sources */,
				89619897283C35A90084977D /* Frameworks */,
				89619898283C35A90084977D /* Resources */,
			);
			buildRules = (
			);
			dependencies = (
			);
			name = "Gdansk Tour";
			productName = "Gdansk Tour";
			productReference = 8961989A283C35A90084977D /* Gdansk Tour.app */;
			productType = "com.apple.product-type.application";
		};
/* End PBXNativeTarget section */

/* Begin PBXProject section */
		89619892283C35A90084977D /* Project object */ = {
			isa = PBXProject;
			attributes = {
				BuildIndependentTargetsInParallel = 1;
				LastSwiftUpdateCheck = 1340;
				LastUpgradeCheck = 1340;
				TargetAttributes = {
					89619899283C35A90084977D = {
						CreatedOnToolsVersion = 13.4;
					};
				};
			};
			buildConfigurationList = 89619895283C35A90084977D /* Build configuration list for PBXProject "Gdansk Tour" */;
			compatibilityVersion = "Xcode 13.0";
			developmentRegion = en;
			hasScannedForEncodings = 0;
			knownRegions = (
				en,
				Base,
			);
			mainGroup = 89619891283C35A90084977D;
			productRefGroup = 8961989B283C35A90084977D /* Products */;
			projectDirPath = "";
			projectRoot = "";
			targets = (
				89619899283C35A90084977D /* Gdansk Tour */,
			);
		};
/* End PBXProject section */

/* Begin PBXResourcesBuildPhase section */
		89619898283C35A90084977D /* Resources */ = {
			isa = PBXResourcesBuildPhase;
			buildActionMask = 2147483647;
			files = (
				896198A5283C35AB0084977D /* Preview Assets.xcassets in Resources */,
				896198A2283C35AB0084977D /* Assets.xcassets in Resources */,
			);
			runOnlyForDeploymentPostprocessing = 0;
		};
/* End PBXResourcesBuildPhase section */

/* Begin PBXSourcesBuildPhase section */
		89619896283C35A90084977D /* Sources */ = {
			isa = PBXSourcesBuildPhase;
			buildActionMask = 2147483647;
			files = (
				896198A0283C35A90084977D /* MainView.swift in Sources */,
				895532872840327400F44067 /* PinMapComponent.swift in Sources */,
				89553285284031F300F44067 /* AddImageComponent.swift in Sources */,
				8955327D2840052C00F44067 /* MapView.swift in Sources */,
				896198AF283D424D0084977D /* WebViewSwiftUI.swift in Sources */,
				8955327F28402CBD00F44067 /* AppColors.swift in Sources */,
				896198B3283D42B70084977D /* Building.swift in Sources */,
				89210F5D2842849F0050F3B5 /* BuildingImageClassifier.mlmodel in Sources */,
				896198AD283D41B40084977D /* DetailView.swift in Sources */,
				8961989E283C35A90084977D /* Gdansk_TourApp.swift in Sources */,
				89210F5F28439B530050F3B5 /* WebViewController.swift in Sources */,
			);
			runOnlyForDeploymentPostprocessing = 0;
		};
/* End PBXSourcesBuildPhase section */

/* Begin XCBuildConfiguration section */
		896198A6283C35AB0084977D /* Debug */ = {
			isa = XCBuildConfiguration;
			buildSettings = {
				ALWAYS_SEARCH_USER_PATHS = NO;
				CLANG_ANALYZER_NONNULL = YES;
				CLANG_ANALYZER_NUMBER_OBJECT_CONVERSION = YES_AGGRESSIVE;
				CLANG_CXX_LANGUAGE_STANDARD = "gnu++17";
				CLANG_ENABLE_MODULES = YES;
				CLANG_ENABLE_OBJC_ARC = YES;
				CLANG_ENABLE_OBJC_WEAK = YES;
				CLANG_WARN_BLOCK_CAPTURE_AUTORELEASING = YES;
				CLANG_WARN_BOOL_CONVERSION = YES;
				CLANG_WARN_COMMA = YES;
				CLANG_WARN_CONSTANT_CONVERSION = YES;
				CLANG_WARN_DEPRECATED_OBJC_IMPLEMENTATIONS = YES;
				CLANG_WARN_DIRECT_OBJC_ISA_USAGE = YES_ERROR;
				CLANG_WARN_DOCUMENTATION_COMMENTS = YES;
				CLANG_WARN_EMPTY_BODY = YES;
				CLANG_WARN_ENUM_CONVERSION = YES;
				CLANG_WARN_INFINITE_RECURSION = YES;
				CLANG_WARN_INT_CONVERSION = YES;
				CLANG_WARN_NON_LITERAL_NULL_CONVERSION = YES;
				CLANG_WARN_OBJC_IMPLICIT_RETAIN_SELF = YES;
				CLANG_WARN_OBJC_LITERAL_CONVERSION = YES;
				CLANG_WARN_OBJC_ROOT_CLASS = YES_ERROR;
				CLANG_WARN_QUOTED_INCLUDE_IN_FRAMEWORK_HEADER = YES;
				CLANG_WARN_RANGE_LOOP_ANALYSIS = YES;
				CLANG_WARN_STRICT_PROTOTYPES = YES;
				CLANG_WARN_SUSPICIOUS_MOVE = YES;
				CLANG_WARN_UNGUARDED_AVAILABILITY = YES_AGGRESSIVE;
				CLANG_WARN_UNREACHABLE_CODE = YES;
				CLANG_WARN__DUPLICATE_METHOD_MATCH = YES;
				COPY_PHASE_STRIP = NO;
				DEBUG_INFORMATION_FORMAT = dwarf;
				ENABLE_STRICT_OBJC_MSGSEND = YES;
				ENABLE_TESTABILITY = YES;
				GCC_C_LANGUAGE_STANDARD = gnu11;
				GCC_DYNAMIC_NO_PIC = NO;
				GCC_NO_COMMON_BLOCKS = YES;
				GCC_OPTIMIZATION_LEVEL = 0;
				GCC_PREPROCESSOR_DEFINITIONS = (
					"DEBUG=1",
					"$(inherited)",
				);
				GCC_WARN_64_TO_32_BIT_CONVERSION = YES;
				GCC_WARN_ABOUT_RETURN_TYPE = YES_ERROR;
				GCC_WARN_UNDECLARED_SELECTOR = YES;
				GCC_WARN_UNINITIALIZED_AUTOS = YES_AGGRESSIVE;
				GCC_WARN_UNUSED_FUNCTION = YES;
				GCC_WARN_UNUSED_VARIABLE = YES;
				IPHONEOS_DEPLOYMENT_TARGET = 15.5;
				MTL_ENABLE_DEBUG_INFO = INCLUDE_SOURCE;
				MTL_FAST_MATH = YES;
				ONLY_ACTIVE_ARCH = YES;
				SDKROOT = iphoneos;
				SWIFT_ACTIVE_COMPILATION_CONDITIONS = DEBUG;
				SWIFT_OPTIMIZATION_LEVEL = "-Onone";
			};
			name = Debug;
		};
		896198A7283C35AB0084977D /* Release */ = {
			isa = XCBuildConfiguration;
			buildSettings = {
				ALWAYS_SEARCH_USER_PATHS = NO;
				CLANG_ANALYZER_NONNULL = YES;
				CLANG_ANALYZER_NUMBER_OBJECT_CONVERSION = YES_AGGRESSIVE;
				CLANG_CXX_LANGUAGE_STANDARD = "gnu++17";
				CLANG_ENABLE_MODULES = YES;
				CLANG_ENABLE_OBJC_ARC = YES;
				CLANG_ENABLE_OBJC_WEAK = YES;
				CLANG_WARN_BLOCK_CAPTURE_AUTORELEASING = YES;
				CLANG_WARN_BOOL_CONVERSION = YES;
				CLANG_WARN_COMMA = YES;
				CLANG_WARN_CONSTANT_CONVERSION = YES;
				CLANG_WARN_DEPRECATED_OBJC_IMPLEMENTATIONS = YES;
				CLANG_WARN_DIRECT_OBJC_ISA_USAGE = YES_ERROR;
				CLANG_WARN_DOCUMENTATION_COMMENTS = YES;
				CLANG_WARN_EMPTY_BODY = YES;
				CLANG_WARN_ENUM_CONVERSION = YES;
				CLANG_WARN_INFINITE_RECURSION = YES;
				CLANG_WARN_INT_CONVERSION = YES;
				CLANG_WARN_NON_LITERAL_NULL_CONVERSION = YES;
				CLANG_WARN_OBJC_IMPLICIT_RETAIN_SELF = YES;
				CLANG_WARN_OBJC_LITERAL_CONVERSION = YES;
				CLANG_WARN_OBJC_ROOT_CLASS = YES_ERROR;
				CLANG_WARN_QUOTED_INCLUDE_IN_FRAMEWORK_HEADER = YES;
				CLANG_WARN_RANGE_LOOP_ANALYSIS = YES;
				CLANG_WARN_STRICT_PROTOTYPES = YES;
				CLANG_WARN_SUSPICIOUS_MOVE = YES;
				CLANG_WARN_UNGUARDED_AVAILABILITY = YES_AGGRESSIVE;
				CLANG_WARN_UNREACHABLE_CODE = YES;
				CLANG_WARN__DUPLICATE_METHOD_MATCH = YES;
				COPY_PHASE_STRIP = NO;
				DEBUG_INFORMATION_FORMAT = "dwarf-with-dsym";
				ENABLE_NS_ASSERTIONS = NO;
				ENABLE_STRICT_OBJC_MSGSEND = YES;
				GCC_C_LANGUAGE_STANDARD = gnu11;
				GCC_NO_COMMON_BLOCKS = YES;
				GCC_WARN_64_TO_32_BIT_CONVERSION = YES;
				GCC_WARN_ABOUT_RETURN_TYPE = YES_ERROR;
				GCC_WARN_UNDECLARED_SELECTOR = YES;
				GCC_WARN_UNINITIALIZED_AUTOS = YES_AGGRESSIVE;
				GCC_WARN_UNUSED_FUNCTION = YES;
				GCC_WARN_UNUSED_VARIABLE = YES;
				IPHONEOS_DEPLOYMENT_TARGET = 15.5;
				MTL_ENABLE_DEBUG_INFO = NO;
				MTL_FAST_MATH = YES;
				SDKROOT = iphoneos;
				SWIFT_COMPILATION_MODE = wholemodule;
				SWIFT_OPTIMIZATION_LEVEL = "-O";
				VALIDATE_PRODUCT = YES;
			};
			name = Release;
		};
		896198A9283C35AB0084977D /* Debug */ = {
			isa = XCBuildConfiguration;
			buildSettings = {
				ASSETCATALOG_COMPILER_APPICON_NAME = AppIcon;
				ASSETCATALOG_COMPILER_GLOBAL_ACCENT_COLOR_NAME = AccentColor;
				CODE_SIGN_STYLE = Automatic;
				CURRENT_PROJECT_VERSION = 1;
				DEVELOPMENT_ASSET_PATHS = "\"Gdansk Tour/Preview Content\"";
				DEVELOPMENT_TEAM = DQXF6DAASK;
				ENABLE_PREVIEWS = YES;
				GENERATE_INFOPLIST_FILE = YES;
				INFOPLIST_KEY_UIApplicationSceneManifest_Generation = YES;
				INFOPLIST_KEY_UIApplicationSupportsIndirectInputEvents = YES;
				INFOPLIST_KEY_UILaunchScreen_Generation = YES;
				INFOPLIST_KEY_UISupportedInterfaceOrientations_iPad = "UIInterfaceOrientationPortrait UIInterfaceOrientationPortraitUpsideDown UIInterfaceOrientationLandscapeLeft UIInterfaceOrientationLandscapeRight";
				INFOPLIST_KEY_UISupportedInterfaceOrientations_iPhone = "UIInterfaceOrientationPortrait UIInterfaceOrientationLandscapeLeft UIInterfaceOrientationLandscapeRight";
				LD_RUNPATH_SEARCH_PATHS = (
					"$(inherited)",
					"@executable_path/Frameworks",
				);
				MARKETING_VERSION = 1.0;
				PRODUCT_BUNDLE_IDENTIFIER = "com.lukaszgolojuch.Gdansk-Tour";
				PRODUCT_NAME = "$(TARGET_NAME)";
				SWIFT_EMIT_LOC_STRINGS = YES;
				SWIFT_VERSION = 5.0;
				TARGETED_DEVICE_FAMILY = "1,2";
			};
			name = Debug;
		};
		896198AA283C35AB0084977D /* Release */ = {
			isa = XCBuildConfiguration;
			buildSettings = {
				ASSETCATALOG_COMPILER_APPICON_NAME = AppIcon;
				ASSETCATALOG_COMPILER_GLOBAL_ACCENT_COLOR_NAME = AccentColor;
				CODE_SIGN_STYLE = Automatic;
				CURRENT_PROJECT_VERSION = 1;
				DEVELOPMENT_ASSET_PATHS = "\"Gdansk Tour/Preview Content\"";
				DEVELOPMENT_TEAM = DQXF6DAASK;
				ENABLE_PREVIEWS = YES;
				GENERATE_INFOPLIST_FILE = YES;
				INFOPLIST_KEY_UIApplicationSceneManifest_Generation = YES;
				INFOPLIST_KEY_UIApplicationSupportsIndirectInputEvents = YES;
				INFOPLIST_KEY_UILaunchScreen_Generation = YES;
				INFOPLIST_KEY_UISupportedInterfaceOrientations_iPad = "UIInterfaceOrientationPortrait UIInterfaceOrientationPortraitUpsideDown UIInterfaceOrientationLandscapeLeft UIInterfaceOrientationLandscapeRight";
				INFOPLIST_KEY_UISupportedInterfaceOrientations_iPhone = "UIInterfaceOrientationPortrait UIInterfaceOrientationLandscapeLeft UIInterfaceOrientationLandscapeRight";
				LD_RUNPATH_SEARCH_PATHS = (
					"$(inherited)",
					"@executable_path/Frameworks",
				);
				MARKETING_VERSION = 1.0;
				PRODUCT_BUNDLE_IDENTIFIER = "com.lukaszgolojuch.Gdansk-Tour";
				PRODUCT_NAME = "$(TARGET_NAME)";
				SWIFT_EMIT_LOC_STRINGS = YES;
				SWIFT_VERSION = 5.0;
				TARGETED_DEVICE_FAMILY = "1,2";
			};
			name = Release;
		};
/* End XCBuildConfiguration section */

/* Begin XCConfigurationList section */
		89619895283C35A90084977D /* Build configuration list for PBXProject "Gdansk Tour" */ = {
			isa = XCConfigurationList;
			buildConfigurations = (
				896198A6283C35AB0084977D /* Debug */,
				896198A7283C35AB0084977D /* Release */,
			);
			defaultConfigurationIsVisible = 0;
			defaultConfigurationName = Release;
		};
		896198A8283C35AB0084977D /* Build configuration list for PBXNativeTarget "Gdansk Tour" */ = {
			isa = XCConfigurationList;
			buildConfigurations = (
				896198A9283C35AB0084977D /* Debug */,
				896198AA283C35AB0084977D /* Release */,
			);
			defaultConfigurationIsVisible = 0;
			defaultConfigurationName = Release;
		};
/* End XCConfigurationList section */
	};
	rootObject = 89619892283C35A90084977D /* Project object */;
}
